
Microsoft Visual Studio Solution File, Format Version 12.00
# Visual Studio Version 16
VisualStudioVersion = 16.0.28917.182
MinimumVisualStudioVersion = 10.0.40219.1
Project("{9A19103F-16F7-4668-BE54-9A1E7A4F7556}") = "Blazor", "Blazor\Blazor.csproj", "{278BF962-46DD-45ED-A0B5-FE7AA1188978}"
EndProject
Project("{FAE04EC0-301F-11D3-BF4B-00C04F79EFBC}") = "RpcApi", "RpcApi\RpcApi.csproj", "{189B2890-441F-4FFC-BB4F-24D937DF3AE6}"
EndProject
Global
	GlobalSection(SolutionConfigurationPlatforms) = preSolution
		Debug|Any CPU = Debug|Any CPU
		Release|Any CPU = Release|Any CPU
	EndGlobalSection
	GlobalSection(ProjectConfigurationPlatforms) = postSolution
		{278BF962-46DD-45ED-A0B5-FE7AA1188978}.Debug|Any CPU.ActiveCfg = Debug|Any CPU
		{278BF962-46DD-45ED-A0B5-FE7AA1188978}.Debug|Any CPU.Build.0 = Debug|Any CPU
		{278BF962-46DD-45ED-A0B5-FE7AA1188978}.Release|Any CPU.ActiveCfg = Release|Any CPU
		{278BF962-46DD-45ED-A0B5-FE7AA1188978}.Release|Any CPU.Build.0 = Release|Any CPU
		{189B2890-441F-4FFC-BB4F-24D937DF3AE6}.Debug|Any CPU.ActiveCfg = Debug|Any CPU
		{189B2890-441F-4FFC-BB4F-24D937DF3AE6}.Debug|Any CPU.Build.0 = Debug|Any CPU
		{189B2890-441F-4FFC-BB4F-24D937DF3AE6}.Release|Any CPU.ActiveCfg = Release|Any CPU
		{189B2890-441F-4FFC-BB4F-24D937DF3AE6}.Release|Any CPU.Build.0 = Release|Any CPU
	EndGlobalSection
	GlobalSection(SolutionProperties) = preSolution
		HideSolutionNode = FALSE
	EndGlobalSection
	GlobalSection(ExtensibilityGlobals) = postSolution
		SolutionGuid = {F6646496-D872-4C4F-8F51-4E12830A15EC}
	EndGlobalSection
EndGlobal
